
Microsoft Visual Studio Solution File, Format Version 12.00
# Visual Studio Version 17
VisualStudioVersion = 17.0.31903.59
MinimumVisualStudioVersion = 10.0.40219.1
Project("{2150E333-8FDC-42A3-9474-1A3956D46DE8}") = "Src", "Src", "{827E0CD3-B72D-47B6-A68D-7590B98EB39B}"
EndProject
Project("{FAE04EC0-301F-11D3-BF4B-00C04F79EFBC}") = "ShopFlow.Domain", "Src\ShopFlow.Domain\ShopFlow.Domain.csproj", "{4F49D0F5-EBC2-4516-ACE9-42D7009FDF97}"
EndProject
Project("{FAE04EC0-301F-11D3-BF4B-00C04F79EFBC}") = "ShopFlow.Application", "Src\ShopFlow.Application\ShopFlow.Application.csproj", "{029D3452-DF49-4B15-8D0C-7247421394F1}"
EndProject
Project("{FAE04EC0-301F-11D3-BF4B-00C04F79EFBC}") = "ShopFlow.Infrastructure", "Src\ShopFlow.Infrastructure\ShopFlow.Infrastructure.csproj", "{24514280-462E-43DD-85CE-BF8158F65453}"
EndProject
Project("{FAE04EC0-301F-11D3-BF4B-00C04F79EFBC}") = "ShopFlow.Api", "Src\ShopFlow.Api\ShopFlow.Api.csproj", "{7EC3DBF9-9671-4CFF-B099-9BF49E952ED0}"
EndProject
Project("{2150E333-8FDC-42A3-9474-1A3956D46DE8}") = "test", "test", "{0C88DD14-F956-CE84-757C-A364CCF449FC}"
EndProject
Project("{FAE04EC0-301F-11D3-BF4B-00C04F79EFBC}") = "ShopFlow.Test.Integration", "test\ShopFlow.Test.Integration\ShopFlow.Test.Integration.csproj", "{4CA2BD61-7DAA-4793-92E3-FE7D81BF613A}"
EndProject
Project("{FAE04EC0-301F-11D3-BF4B-00C04F79EFBC}") = "ShopFlow.Test.Unit", "test\ShopFlow.Test.Unit\ShopFlow.Test.Unit.csproj", "{DC17D002-DA45-4BCC-BD90-F7D99770646A}"
EndProject
Global
	GlobalSection(SolutionConfigurationPlatforms) = preSolution
		Debug|Any CPU = Debug|Any CPU
		Debug|x64 = Debug|x64
		Debug|x86 = Debug|x86
		Release|Any CPU = Release|Any CPU
		Release|x64 = Release|x64
		Release|x86 = Release|x86
	EndGlobalSection
	GlobalSection(ProjectConfigurationPlatforms) = postSolution
		{4F49D0F5-EBC2-4516-ACE9-42D7009FDF97}.Debug|Any CPU.ActiveCfg = Debug|Any CPU
		{4F49D0F5-EBC2-4516-ACE9-42D7009FDF97}.Debug|Any CPU.Build.0 = Debug|Any CPU
		{4F49D0F5-EBC2-4516-ACE9-42D7009FDF97}.Debug|x64.ActiveCfg = Debug|Any CPU
		{4F49D0F5-EBC2-4516-ACE9-42D7009FDF97}.Debug|x64.Build.0 = Debug|Any CPU
		{4F49D0F5-EBC2-4516-ACE9-42D7009FDF97}.Debug|x86.ActiveCfg = Debug|Any CPU
		{4F49D0F5-EBC2-4516-ACE9-42D7009FDF97}.Debug|x86.Build.0 = Debug|Any CPU
		{4F49D0F5-EBC2-4516-ACE9-42D7009FDF97}.Release|Any CPU.ActiveCfg = Release|Any CPU
		{4F49D0F5-EBC2-4516-ACE9-42D7009FDF97}.Release|Any CPU.Build.0 = Release|Any CPU
		{4F49D0F5-EBC2-4516-ACE9-42D7009FDF97}.Release|x64.ActiveCfg = Release|Any CPU
		{4F49D0F5-EBC2-4516-ACE9-42D7009FDF97}.Release|x64.Build.0 = Release|Any CPU
		{4F49D0F5-EBC2-4516-ACE9-42D7009FDF97}.Release|x86.ActiveCfg = Release|Any CPU
		{4F49D0F5-EBC2-4516-ACE9-42D7009FDF97}.Release|x86.Build.0 = Release|Any CPU
		{029D3452-DF49-4B15-8D0C-7247421394F1}.Debug|Any CPU.ActiveCfg = Debug|Any CPU
		{029D3452-DF49-4B15-8D0C-7247421394F1}.Debug|Any CPU.Build.0 = Debug|Any CPU
		{029D3452-DF49-4B15-8D0C-7247421394F1}.Debug|x64.ActiveCfg = Debug|Any CPU
		{029D3452-DF49-4B15-8D0C-7247421394F1}.Debug|x64.Build.0 = Debug|Any CPU
		{029D3452-DF49-4B15-8D0C-7247421394F1}.Debug|x86.ActiveCfg = Debug|Any CPU
		{029D3452-DF49-4B15-8D0C-7247421394F1}.Debug|x86.Build.0 = Debug|Any CPU
		{029D3452-DF49-4B15-8D0C-7247421394F1}.Release|Any CPU.ActiveCfg = Release|Any CPU
		{029D3452-DF49-4B15-8D0C-7247421394F1}.Release|Any CPU.Build.0 = Release|Any CPU
		{029D3452-DF49-4B15-8D0C-7247421394F1}.Release|x64.ActiveCfg = Release|Any CPU
		{029D3452-DF49-4B15-8D0C-7247421394F1}.Release|x64.Build.0 = Release|Any CPU
		{029D3452-DF49-4B15-8D0C-7247421394F1}.Release|x86.ActiveCfg = Release|Any CPU
		{029D3452-DF49-4B15-8D0C-7247421394F1}.Release|x86.Build.0 = Release|Any CPU
		{24514280-462E-43DD-85CE-BF8158F65453}.Debug|Any CPU.ActiveCfg = Debug|Any CPU
		{24514280-462E-43DD-85CE-BF8158F65453}.Debug|Any CPU.Build.0 = Debug|Any CPU
		{24514280-462E-43DD-85CE-BF8158F65453}.Debug|x64.ActiveCfg = Debug|Any CPU
		{24514280-462E-43DD-85CE-BF8158F65453}.Debug|x64.Build.0 = Debug|Any CPU
		{24514280-462E-43DD-85CE-BF8158F65453}.Debug|x86.ActiveCfg = Debug|Any CPU
		{24514280-462E-43DD-85CE-BF8158F65453}.Debug|x86.Build.0 = Debug|Any CPU
		{24514280-462E-43DD-85CE-BF8158F65453}.Release|Any CPU.ActiveCfg = Release|Any CPU
		{24514280-462E-43DD-85CE-BF8158F65453}.Release|Any CPU.Build.0 = Release|Any CPU
		{24514280-462E-43DD-85CE-BF8158F65453}.Release|x64.ActiveCfg = Release|Any CPU
		{24514280-462E-43DD-85CE-BF8158F65453}.Release|x64.Build.0 = Release|Any CPU
		{24514280-462E-43DD-85CE-BF8158F65453}.Release|x86.ActiveCfg = Release|Any CPU
		{24514280-462E-43DD-85CE-BF8158F65453}.Release|x86.Build.0 = Release|Any CPU
		{7EC3DBF9-9671-4CFF-B099-9BF49E952ED0}.Debug|Any CPU.ActiveCfg = Debug|Any CPU
		{7EC3DBF9-9671-4CFF-B099-9BF49E952ED0}.Debug|Any CPU.Build.0 = Debug|Any CPU
		{7EC3DBF9-9671-4CFF-B099-9BF49E952ED0}.Debug|x64.ActiveCfg = Debug|Any CPU
		{7EC3DBF9-9671-4CFF-B099-9BF49E952ED0}.Debug|x64.Build.0 = Debug|Any CPU
		{7EC3DBF9-9671-4CFF-B099-9BF49E952ED0}.Debug|x86.ActiveCfg = Debug|Any CPU
		{7EC3DBF9-9671-4CFF-B099-9BF49E952ED0}.Debug|x86.Build.0 = Debug|Any CPU
		{7EC3DBF9-9671-4CFF-B099-9BF49E952ED0}.Release|Any CPU.ActiveCfg = Release|Any CPU
		{7EC3DBF9-9671-4CFF-B099-9BF49E952ED0}.Release|Any CPU.Build.0 = Release|Any CPU
		{7EC3DBF9-9671-4CFF-B099-9BF49E952ED0}.Release|x64.ActiveCfg = Release|Any CPU
		{7EC3DBF9-9671-4CFF-B099-9BF49E952ED0}.Release|x64.Build.0 = Release|Any CPU
		{7EC3DBF9-9671-4CFF-B099-9BF49E952ED0}.Release|x86.ActiveCfg = Release|Any CPU
		{7EC3DBF9-9671-4CFF-B099-9BF49E952ED0}.Release|x86.Build.0 = Release|Any CPU
		{4CA2BD61-7DAA-4793-92E3-FE7D81BF613A}.Debug|Any CPU.ActiveCfg = Debug|Any CPU
		{4CA2BD61-7DAA-4793-92E3-FE7D81BF613A}.Debug|Any CPU.Build.0 = Debug|Any CPU
		{4CA2BD61-7DAA-4793-92E3-FE7D81BF613A}.Debug|x64.ActiveCfg = Debug|Any CPU
		{4CA2BD61-7DAA-4793-92E3-FE7D81BF613A}.Debug|x64.Build.0 = Debug|Any CPU
		{4CA2BD61-7DAA-4793-92E3-FE7D81BF613A}.Debug|x86.ActiveCfg = Debug|Any CPU
		{4CA2BD61-7DAA-4793-92E3-FE7D81BF613A}.Debug|x86.Build.0 = Debug|Any CPU
		{4CA2BD61-7DAA-4793-92E3-FE7D81BF613A}.Release|Any CPU.ActiveCfg = Release|Any CPU
		{4CA2BD61-7DAA-4793-92E3-FE7D81BF613A}.Release|Any CPU.Build.0 = Release|Any CPU
		{4CA2BD61-7DAA-4793-92E3-FE7D81BF613A}.Release|x64.ActiveCfg = Release|Any CPU
		{4CA2BD61-7DAA-4793-92E3-FE7D81BF613A}.Release|x64.Build.0 = Release|Any CPU
		{4CA2BD61-7DAA-4793-92E3-FE7D81BF613A}.Release|x86.ActiveCfg = Release|Any CPU
		{4CA2BD61-7DAA-4793-92E3-FE7D81BF613A}.Release|x86.Build.0 = Release|Any CPU
		{DC17D002-DA45-4BCC-BD90-F7D99770646A}.Debug|Any CPU.ActiveCfg = Debug|Any CPU
		{DC17D002-DA45-4BCC-BD90-F7D99770646A}.Debug|Any CPU.Build.0 = Debug|Any CPU
		{DC17D002-DA45-4BCC-BD90-F7D99770646A}.Debug|x64.ActiveCfg = Debug|Any CPU
		{DC17D002-DA45-4BCC-BD90-F7D99770646A}.Debug|x64.Build.0 = Debug|Any CPU
		{DC17D002-DA45-4BCC-BD90-F7D99770646A}.Debug|x86.ActiveCfg = Debug|Any CPU
		{DC17D002-DA45-4BCC-BD90-F7D99770646A}.Debug|x86.Build.0 = Debug|Any CPU
		{DC17D002-DA45-4BCC-BD90-F7D99770646A}.Release|Any CPU.ActiveCfg = Release|Any CPU
		{DC17D002-DA45-4BCC-BD90-F7D99770646A}.Release|Any CPU.Build.0 = Release|Any CPU
		{DC17D002-DA45-4BCC-BD90-F7D99770646A}.Release|x64.ActiveCfg = Release|Any CPU
		{DC17D002-DA45-4BCC-BD90-F7D99770646A}.Release|x64.Build.0 = Release|Any CPU
		{DC17D002-DA45-4BCC-BD90-F7D99770646A}.Release|x86.ActiveCfg = Release|Any CPU
		{DC17D002-DA45-4BCC-BD90-F7D99770646A}.Release|x86.Build.0 = Release|Any CPU
	EndGlobalSection
	GlobalSection(SolutionProperties) = preSolution
		HideSolutionNode = FALSE
	EndGlobalSection
	GlobalSection(NestedProjects) = preSolution
		{4F49D0F5-EBC2-4516-ACE9-42D7009FDF97} = {827E0CD3-B72D-47B6-A68D-7590B98EB39B}
		{029D3452-DF49-4B15-8D0C-7247421394F1} = {827E0CD3-B72D-47B6-A68D-7590B98EB39B}
		{24514280-462E-43DD-85CE-BF8158F65453} = {827E0CD3-B72D-47B6-A68D-7590B98EB39B}
		{7EC3DBF9-9671-4CFF-B099-9BF49E952ED0} = {827E0CD3-B72D-47B6-A68D-7590B98EB39B}
		{4CA2BD61-7DAA-4793-92E3-FE7D81BF613A} = {0C88DD14-F956-CE84-757C-A364CCF449FC}
		{DC17D002-DA45-4BCC-BD90-F7D99770646A} = {0C88DD14-F956-CE84-757C-A364CCF449FC}
	EndGlobalSection
EndGlobal
